
Microsoft Visual Studio Solution File, Format Version 12.00
# Visual Studio Version 17
VisualStudioVersion = 17.7.34202.233
MinimumVisualStudioVersion = 10.0.40219.1
Project("{2150E333-8FDC-42A3-9474-1A3956D46DE8}") = "Microservices", "Microservices", "{528FA8E3-8865-4C3C-A030-6F221DF4879F}"
EndProject
Project("{FAE04EC0-301F-11D3-BF4B-00C04F79EFBC}") = "ProductAPI", "ProductAPI\ProductAPI.csproj", "{9A26BFF3-D1AF-45E5-80E2-5E8429D67E57}"
EndProject
Project("{FAE04EC0-301F-11D3-BF4B-00C04F79EFBC}") = "UserAPI", "UserAPI\UserAPI.csproj", "{8A1092B7-1271-4847-A376-88AA0990C85B}"
EndProject
Project("{FAE04EC0-301F-11D3-BF4B-00C04F79EFBC}") = "OcelotGateway", "OcelotGateway\OcelotGateway.csproj", "{38665B5A-85EF-4674-84D7-0F2430EBD7E8}"
EndProject
Global
	GlobalSection(SolutionConfigurationPlatforms) = preSolution
		Debug|Any CPU = Debug|Any CPU
		Release|Any CPU = Release|Any CPU
	EndGlobalSection
	GlobalSection(ProjectConfigurationPlatforms) = postSolution
		{9A26BFF3-D1AF-45E5-80E2-5E8429D67E57}.Debug|Any CPU.ActiveCfg = Debug|Any CPU
		{9A26BFF3-D1AF-45E5-80E2-5E8429D67E57}.Debug|Any CPU.Build.0 = Debug|Any CPU
		{9A26BFF3-D1AF-45E5-80E2-5E8429D67E57}.Release|Any CPU.ActiveCfg = Release|Any CPU
		{9A26BFF3-D1AF-45E5-80E2-5E8429D67E57}.Release|Any CPU.Build.0 = Release|Any CPU
		{8A1092B7-1271-4847-A376-88AA0990C85B}.Debug|Any CPU.ActiveCfg = Debug|Any CPU
		{8A1092B7-1271-4847-A376-88AA0990C85B}.Debug|Any CPU.Build.0 = Debug|Any CPU
		{8A1092B7-1271-4847-A376-88AA0990C85B}.Release|Any CPU.ActiveCfg = Release|Any CPU
		{8A1092B7-1271-4847-A376-88AA0990C85B}.Release|Any CPU.Build.0 = Release|Any CPU
		{38665B5A-85EF-4674-84D7-0F2430EBD7E8}.Debug|Any CPU.ActiveCfg = Debug|Any CPU
		{38665B5A-85EF-4674-84D7-0F2430EBD7E8}.Debug|Any CPU.Build.0 = Debug|Any CPU
		{38665B5A-85EF-4674-84D7-0F2430EBD7E8}.Release|Any CPU.ActiveCfg = Release|Any CPU
		{38665B5A-85EF-4674-84D7-0F2430EBD7E8}.Release|Any CPU.Build.0 = Release|Any CPU
	EndGlobalSection
	GlobalSection(SolutionProperties) = preSolution
		HideSolutionNode = FALSE
	EndGlobalSection
	GlobalSection(NestedProjects) = preSolution
		{9A26BFF3-D1AF-45E5-80E2-5E8429D67E57} = {528FA8E3-8865-4C3C-A030-6F221DF4879F}
		{8A1092B7-1271-4847-A376-88AA0990C85B} = {528FA8E3-8865-4C3C-A030-6F221DF4879F}
	EndGlobalSection
	GlobalSection(ExtensibilityGlobals) = postSolution
		SolutionGuid = {49044C19-0BBE-4D1E-B360-D1926335518D}
	EndGlobalSection
EndGlobal
